
Microsoft Visual Studio Solution File, Format Version 12.00
# Visual Studio Version 16
VisualStudioVersion = 16.0.30523.141
MinimumVisualStudioVersion = 10.0.40219.1
Project("{FAE04EC0-301F-11D3-BF4B-00C04F79EFBC}") = "Factorial_Calculator", "Factorial_Calculator\Factorial_Calculator.csproj", "{DB592B4F-F982-4023-B067-04AA7C6DF9F8}"
EndProject
Global
	GlobalSection(SolutionConfigurationPlatforms) = preSolution
		Debug|Any CPU = Debug|Any CPU
		Release|Any CPU = Release|Any CPU
	EndGlobalSection
	GlobalSection(ProjectConfigurationPlatforms) = postSolution
		{DB592B4F-F982-4023-B067-04AA7C6DF9F8}.Debug|Any CPU.ActiveCfg = Debug|Any CPU
		{DB592B4F-F982-4023-B067-04AA7C6DF9F8}.Debug|Any CPU.Build.0 = Debug|Any CPU
		{DB592B4F-F982-4023-B067-04AA7C6DF9F8}.Release|Any CPU.ActiveCfg = Release|Any CPU
		{DB592B4F-F982-4023-B067-04AA7C6DF9F8}.Release|Any CPU.Build.0 = Release|Any CPU
	EndGlobalSection
	GlobalSection(SolutionProperties) = preSolution
		HideSolutionNode = FALSE
	EndGlobalSection
	GlobalSection(ExtensibilityGlobals) = postSolution
		SolutionGuid = {85400596-13E3-4B4B-8B4B-5BFAF0A09240}
	EndGlobalSection
EndGlobal
